
Microsoft Visual Studio Solution File, Format Version 12.00
# Visual Studio 15
VisualStudioVersion = 15.0.27130.2010
MinimumVisualStudioVersion = 10.0.40219.1
Project("{FAE04EC0-301F-11D3-BF4B-00C04F79EFBC}") = "WindowsFormsApp1", "WindowsFormsApp1\WindowsFormsApp1.csproj", "{AC6269BF-C19C-45D4-8D3C-CE7FF6BFD0D6}"
EndProject
Global
	GlobalSection(SolutionConfigurationPlatforms) = preSolution
		Debug|Any CPU = Debug|Any CPU
		Release|Any CPU = Release|Any CPU
	EndGlobalSection
	GlobalSection(ProjectConfigurationPlatforms) = postSolution
		{AC6269BF-C19C-45D4-8D3C-CE7FF6BFD0D6}.Debug|Any CPU.ActiveCfg = Debug|Any CPU
		{AC6269BF-C19C-45D4-8D3C-CE7FF6BFD0D6}.Debug|Any CPU.Build.0 = Debug|Any CPU
		{AC6269BF-C19C-45D4-8D3C-CE7FF6BFD0D6}.Release|Any CPU.ActiveCfg = Release|Any CPU
		{AC6269BF-C19C-45D4-8D3C-CE7FF6BFD0D6}.Release|Any CPU.Build.0 = Release|Any CPU
	EndGlobalSection
	GlobalSection(SolutionProperties) = preSolution
		HideSolutionNode = FALSE
	EndGlobalSection
	GlobalSection(ExtensibilityGlobals) = postSolution
		SolutionGuid = {523409BE-7E61-4239-9498-F2E4EB8FACBD}
	EndGlobalSection
EndGlobal
